github.com/I-Frostbyte/Github-Repos-New-2026/Tutorials/1-A-Tour-of-Go v0.0.0-20260728193948-c7ac555e163c h1:hC7FPIijuYWEXBkwe24qb1BUXmkrG+/Pf8ojdVlk1/U=
github.com/I-Frostbyte/Github-Repos-New-2026/Tutorials/1-A-Tour-of-Go v0.0.0-20260728193948-c7ac555e163c/go.mod h1:4V9ktFzrTHPps9OK2AVT6V+fckPfkw37bSoj8Kpgj68=
